
Microsoft Visual Studio Solution File, Format Version 12.00
# Visual Studio Version 17
VisualStudioVersion = 17.3.32825.248
MinimumVisualStudioVersion = 10.0.40219.1
Project("{FAE04EC0-301F-11D3-BF4B-00C04F79EFBC}") = "Syntax and syntax sugar", "Syntax and syntax sugar\Syntax and syntax sugar.csproj", "{01E39F94-B368-4C6B-B27C-B98A48B1B0CC}"
EndProject
Global
	GlobalSection(SolutionConfigurationPlatforms) = preSolution
		Debug|Any CPU = Debug|Any CPU
		Release|Any CPU = Release|Any CPU
	EndGlobalSection
	GlobalSection(ProjectConfigurationPlatforms) = postSolution
		{01E39F94-B368-4C6B-B27C-B98A48B1B0CC}.Debug|Any CPU.ActiveCfg = Debug|Any CPU
		{01E39F94-B368-4C6B-B27C-B98A48B1B0CC}.Debug|Any CPU.Build.0 = Debug|Any CPU
		{01E39F94-B368-4C6B-B27C-B98A48B1B0CC}.Release|Any CPU.ActiveCfg = Release|Any CPU
		{01E39F94-B368-4C6B-B27C-B98A48B1B0CC}.Release|Any CPU.Build.0 = Release|Any CPU
	EndGlobalSection
	GlobalSection(SolutionProperties) = preSolution
		HideSolutionNode = FALSE
	EndGlobalSection
	GlobalSection(ExtensibilityGlobals) = postSolution
		SolutionGuid = {1679EADE-5679-4450-8EF3-7F4F9F50127F}
	EndGlobalSection
EndGlobal
